
Microsoft Visual Studio Solution File, Format Version 12.00
# Visual Studio 15
VisualStudioVersion = 15.0.26124.0
MinimumVisualStudioVersion = 15.0.26124.0
Project("{FAE04EC0-301F-11D3-BF4B-00C04F79EFBC}") = "swifty", "swifty\swifty.csproj", "{BE7FD989-B233-4042-9A25-74AC9F0AA7B0}"
EndProject
Project("{FAE04EC0-301F-11D3-BF4B-00C04F79EFBC}") = "modules", "modules\modules.csproj", "{D70471FE-AD26-4A06-9163-2CF0218FC9A9}"
EndProject
Project("{FAE04EC0-301F-11D3-BF4B-00C04F79EFBC}") = "swifty.tests", "swifty.tests\swifty.tests.csproj", "{3FBF28F5-D0F8-4239-8FBD-28E7FFEC946D}"
EndProject
Global
	GlobalSection(SolutionConfigurationPlatforms) = preSolution
		Debug|Any CPU = Debug|Any CPU
		Debug|x64 = Debug|x64
		Debug|x86 = Debug|x86
		Release|Any CPU = Release|Any CPU
		Release|x64 = Release|x64
		Release|x86 = Release|x86
	EndGlobalSection
	GlobalSection(SolutionProperties) = preSolution
		HideSolutionNode = FALSE
	EndGlobalSection
	GlobalSection(ProjectConfigurationPlatforms) = postSolution
		{BE7FD989-B233-4042-9A25-74AC9F0AA7B0}.Debug|Any CPU.ActiveCfg = Debug|Any CPU
		{BE7FD989-B233-4042-9A25-74AC9F0AA7B0}.Debug|Any CPU.Build.0 = Debug|Any CPU
		{BE7FD989-B233-4042-9A25-74AC9F0AA7B0}.Debug|x64.ActiveCfg = Debug|Any CPU
		{BE7FD989-B233-4042-9A25-74AC9F0AA7B0}.Debug|x64.Build.0 = Debug|Any CPU
		{BE7FD989-B233-4042-9A25-74AC9F0AA7B0}.Debug|x86.ActiveCfg = Debug|Any CPU
		{BE7FD989-B233-4042-9A25-74AC9F0AA7B0}.Debug|x86.Build.0 = Debug|Any CPU
		{BE7FD989-B233-4042-9A25-74AC9F0AA7B0}.Release|Any CPU.ActiveCfg = Release|Any CPU
		{BE7FD989-B233-4042-9A25-74AC9F0AA7B0}.Release|Any CPU.Build.0 = Release|Any CPU
		{BE7FD989-B233-4042-9A25-74AC9F0AA7B0}.Release|x64.ActiveCfg = Release|Any CPU
		{BE7FD989-B233-4042-9A25-74AC9F0AA7B0}.Release|x64.Build.0 = Release|Any CPU
		{BE7FD989-B233-4042-9A25-74AC9F0AA7B0}.Release|x86.ActiveCfg = Release|Any CPU
		{BE7FD989-B233-4042-9A25-74AC9F0AA7B0}.Release|x86.Build.0 = Release|Any CPU
		{D70471FE-AD26-4A06-9163-2CF0218FC9A9}.Debug|Any CPU.ActiveCfg = Debug|Any CPU
		{D70471FE-AD26-4A06-9163-2CF0218FC9A9}.Debug|Any CPU.Build.0 = Debug|Any CPU
		{D70471FE-AD26-4A06-9163-2CF0218FC9A9}.Debug|x64.ActiveCfg = Debug|Any CPU
		{D70471FE-AD26-4A06-9163-2CF0218FC9A9}.Debug|x64.Build.0 = Debug|Any CPU
		{D70471FE-AD26-4A06-9163-2CF0218FC9A9}.Debug|x86.ActiveCfg = Debug|Any CPU
		{D70471FE-AD26-4A06-9163-2CF0218FC9A9}.Debug|x86.Build.0 = Debug|Any CPU
		{D70471FE-AD26-4A06-9163-2CF0218FC9A9}.Release|Any CPU.ActiveCfg = Release|Any CPU
		{D70471FE-AD26-4A06-9163-2CF0218FC9A9}.Release|Any CPU.Build.0 = Release|Any CPU
		{D70471FE-AD26-4A06-9163-2CF0218FC9A9}.Release|x64.ActiveCfg = Release|Any CPU
		{D70471FE-AD26-4A06-9163-2CF0218FC9A9}.Release|x64.Build.0 = Release|Any CPU
		{D70471FE-AD26-4A06-9163-2CF0218FC9A9}.Release|x86.ActiveCfg = Release|Any CPU
		{D70471FE-AD26-4A06-9163-2CF0218FC9A9}.Release|x86.Build.0 = Release|Any CPU
		{3FBF28F5-D0F8-4239-8FBD-28E7FFEC946D}.Debug|Any CPU.ActiveCfg = Debug|Any CPU
		{3FBF28F5-D0F8-4239-8FBD-28E7FFEC946D}.Debug|Any CPU.Build.0 = Debug|Any CPU
		{3FBF28F5-D0F8-4239-8FBD-28E7FFEC946D}.Debug|x64.ActiveCfg = Debug|Any CPU
		{3FBF28F5-D0F8-4239-8FBD-28E7FFEC946D}.Debug|x64.Build.0 = Debug|Any CPU
		{3FBF28F5-D0F8-4239-8FBD-28E7FFEC946D}.Debug|x86.ActiveCfg = Debug|Any CPU
		{3FBF28F5-D0F8-4239-8FBD-28E7FFEC946D}.Debug|x86.Build.0 = Debug|Any CPU
		{3FBF28F5-D0F8-4239-8FBD-28E7FFEC946D}.Release|Any CPU.ActiveCfg = Release|Any CPU
		{3FBF28F5-D0F8-4239-8FBD-28E7FFEC946D}.Release|Any CPU.Build.0 = Release|Any CPU
		{3FBF28F5-D0F8-4239-8FBD-28E7FFEC946D}.Release|x64.ActiveCfg = Release|Any CPU
		{3FBF28F5-D0F8-4239-8FBD-28E7FFEC946D}.Release|x64.Build.0 = Release|Any CPU
		{3FBF28F5-D0F8-4239-8FBD-28E7FFEC946D}.Release|x86.ActiveCfg = Release|Any CPU
		{3FBF28F5-D0F8-4239-8FBD-28E7FFEC946D}.Release|x86.Build.0 = Release|Any CPU
	EndGlobalSection
EndGlobal
